
Microsoft Visual Studio Solution File, Format Version 12.00
# Visual Studio Version 17
VisualStudioVersion = 17.7.34202.233
MinimumVisualStudioVersion = 10.0.40219.1
Project("{FAE04EC0-301F-11D3-BF4B-00C04F79EFBC}") = "22.11 Практика Задание№3", "22.11 Практика Задание№3\22.11 Практика Задание№3.csproj", "{8BBF4DE0-7551-4D8A-B7E4-EBFA8AA7CE08}"
EndProject
Project("{FAE04EC0-301F-11D3-BF4B-00C04F79EFBC}") = "22.11 Практика Задание№3.2", "22.11 Практика Задание№3.2\22.11 Практика Задание№3.2.csproj", "{1A47397F-6792-4C13-89ED-BC1B6BE18F4D}"
EndProject
Global
	GlobalSection(SolutionConfigurationPlatforms) = preSolution
		Debug|Any CPU = Debug|Any CPU
		Release|Any CPU = Release|Any CPU
	EndGlobalSection
	GlobalSection(ProjectConfigurationPlatforms) = postSolution
		{8BBF4DE0-7551-4D8A-B7E4-EBFA8AA7CE08}.Debug|Any CPU.ActiveCfg = Debug|Any CPU
		{8BBF4DE0-7551-4D8A-B7E4-EBFA8AA7CE08}.Debug|Any CPU.Build.0 = Debug|Any CPU
		{8BBF4DE0-7551-4D8A-B7E4-EBFA8AA7CE08}.Release|Any CPU.ActiveCfg = Release|Any CPU
		{8BBF4DE0-7551-4D8A-B7E4-EBFA8AA7CE08}.Release|Any CPU.Build.0 = Release|Any CPU
		{1A47397F-6792-4C13-89ED-BC1B6BE18F4D}.Debug|Any CPU.ActiveCfg = Debug|Any CPU
		{1A47397F-6792-4C13-89ED-BC1B6BE18F4D}.Debug|Any CPU.Build.0 = Debug|Any CPU
		{1A47397F-6792-4C13-89ED-BC1B6BE18F4D}.Release|Any CPU.ActiveCfg = Release|Any CPU
		{1A47397F-6792-4C13-89ED-BC1B6BE18F4D}.Release|Any CPU.Build.0 = Release|Any CPU
	EndGlobalSection
	GlobalSection(SolutionProperties) = preSolution
		HideSolutionNode = FALSE
	EndGlobalSection
	GlobalSection(ExtensibilityGlobals) = postSolution
		SolutionGuid = {4B357982-8738-4462-AED0-ABE0F5C27D84}
	EndGlobalSection
EndGlobal
